
Microsoft Visual Studio Solution File, Format Version 10.00
# Visual Studio 2008
Project("{FAE04EC0-301F-11D3-BF4B-00C04F79EFBC}") = "cam5", "cam5\cam5.csproj", "{3D8736EE-322C-41F4-8DDE-35B25B7D832B}"
EndProject
Global
	GlobalSection(SolutionConfigurationPlatforms) = preSolution
		Debug|Any CPU = Debug|Any CPU
		Release|Any CPU = Release|Any CPU
	EndGlobalSection
	GlobalSection(ProjectConfigurationPlatforms) = postSolution
		{3D8736EE-322C-41F4-8DDE-35B25B7D832B}.Debug|Any CPU.ActiveCfg = Debug|Any CPU
		{3D8736EE-322C-41F4-8DDE-35B25B7D832B}.Debug|Any CPU.Build.0 = Debug|Any CPU
		{3D8736EE-322C-41F4-8DDE-35B25B7D832B}.Release|Any CPU.ActiveCfg = Release|Any CPU
		{3D8736EE-322C-41F4-8DDE-35B25B7D832B}.Release|Any CPU.Build.0 = Release|Any CPU
	EndGlobalSection
	GlobalSection(SolutionProperties) = preSolution
		HideSolutionNode = FALSE
	EndGlobalSection
EndGlobal
